
Microsoft Visual Studio Solution File, Format Version 12.00
# Visual Studio Version 17
VisualStudioVersion = 17.5.33424.131
MinimumVisualStudioVersion = 10.0.40219.1
Project("{9A19103F-16F7-4668-BE54-9A1E7A4F7556}") = "MvcToDoList", "MvcToDoList.csproj", "{B6017B59-3C29-4D3D-8CAC-64D6F0AE97B8}"
EndProject
Global
	GlobalSection(SolutionConfigurationPlatforms) = preSolution
		Debug|Any CPU = Debug|Any CPU
		Release|Any CPU = Release|Any CPU
	EndGlobalSection
	GlobalSection(ProjectConfigurationPlatforms) = postSolution
		{B6017B59-3C29-4D3D-8CAC-64D6F0AE97B8}.Debug|Any CPU.ActiveCfg = Debug|Any CPU
		{B6017B59-3C29-4D3D-8CAC-64D6F0AE97B8}.Debug|Any CPU.Build.0 = Debug|Any CPU
		{B6017B59-3C29-4D3D-8CAC-64D6F0AE97B8}.Release|Any CPU.ActiveCfg = Release|Any CPU
		{B6017B59-3C29-4D3D-8CAC-64D6F0AE97B8}.Release|Any CPU.Build.0 = Release|Any CPU
	EndGlobalSection
	GlobalSection(SolutionProperties) = preSolution
		HideSolutionNode = FALSE
	EndGlobalSection
	GlobalSection(ExtensibilityGlobals) = postSolution
		SolutionGuid = {390FE55C-8C45-42E5-8289-66B6CD6DCBF4}
	EndGlobalSection
EndGlobal
